
Microsoft Visual Studio Solution File, Format Version 12.00
# Visual Studio Version 16
VisualStudioVersion = 16.0.30128.74
MinimumVisualStudioVersion = 10.0.40219.1
Project("{FAE04EC0-301F-11D3-BF4B-00C04F79EFBC}") = "AppliancesStore.API", "AppliancesStore.API\AppliancesStore.API.csproj", "{CE34282F-D144-4A25-9AAD-1431B061C737}"
EndProject
Project("{FAE04EC0-301F-11D3-BF4B-00C04F79EFBC}") = "AppliancesStore.Core", "AppliancesStore.Core\AppliancesStore.Core.csproj", "{CF2D0AE6-C876-4FC7-BE78-1C489F45C8B7}"
EndProject
Global
	GlobalSection(SolutionConfigurationPlatforms) = preSolution
		Debug|Any CPU = Debug|Any CPU
		Release|Any CPU = Release|Any CPU
	EndGlobalSection
	GlobalSection(ProjectConfigurationPlatforms) = postSolution
		{CE34282F-D144-4A25-9AAD-1431B061C737}.Debug|Any CPU.ActiveCfg = Debug|Any CPU
		{CE34282F-D144-4A25-9AAD-1431B061C737}.Debug|Any CPU.Build.0 = Debug|Any CPU
		{CE34282F-D144-4A25-9AAD-1431B061C737}.Release|Any CPU.ActiveCfg = Release|Any CPU
		{CE34282F-D144-4A25-9AAD-1431B061C737}.Release|Any CPU.Build.0 = Release|Any CPU
		{CF2D0AE6-C876-4FC7-BE78-1C489F45C8B7}.Debug|Any CPU.ActiveCfg = Debug|Any CPU
		{CF2D0AE6-C876-4FC7-BE78-1C489F45C8B7}.Debug|Any CPU.Build.0 = Debug|Any CPU
		{CF2D0AE6-C876-4FC7-BE78-1C489F45C8B7}.Release|Any CPU.ActiveCfg = Release|Any CPU
		{CF2D0AE6-C876-4FC7-BE78-1C489F45C8B7}.Release|Any CPU.Build.0 = Release|Any CPU
	EndGlobalSection
	GlobalSection(SolutionProperties) = preSolution
		HideSolutionNode = FALSE
	EndGlobalSection
	GlobalSection(ExtensibilityGlobals) = postSolution
		SolutionGuid = {449B7A96-44EA-4514-96BE-84947B66EBC5}
	EndGlobalSection
EndGlobal
